
Microsoft Visual Studio Solution File, Format Version 12.00
# Visual Studio 15
VisualStudioVersion = 15.0.28307.705
MinimumVisualStudioVersion = 10.0.40219.1
Project("{FAE04EC0-301F-11D3-BF4B-00C04F79EFBC}") = "RentMyStuff.Core", "RentMyStuff.Core\RentMyStuff.Core.csproj", "{E9347604-6E5D-4CAD-A609-32483AB0EA7F}"
EndProject
Project("{FAE04EC0-301F-11D3-BF4B-00C04F79EFBC}") = "RentMyStuff.Services", "RentMyStuff.Services\RentMyStuff.Services.csproj", "{DD08C619-975F-4F6A-87CA-C36730C18E59}"
EndProject
Project("{FAE04EC0-301F-11D3-BF4B-00C04F79EFBC}") = "RentMyStuff.DataAccess.SQL", "RentMyStuff.DataAccess.SQL\RentMyStuff.DataAccess.SQL.csproj", "{F4A2A2EC-8455-456E-94A3-6D959534BE6A}"
EndProject
Project("{FAE04EC0-301F-11D3-BF4B-00C04F79EFBC}") = "RentMyStuff.DataAccess.InMemory", "RentMyStuff.DataAccess.InMemory\RentMyStuff.DataAccess.InMemory.csproj", "{CE898C03-E1B2-40DC-A7B9-59AB17C5BB87}"
EndProject
Project("{FAE04EC0-301F-11D3-BF4B-00C04F79EFBC}") = "RentMyStuff.WebUI", "RentMyStuff.WebUI\RentMyStuff.WebUI.csproj", "{63D91508-47BA-4ED2-978F-5EE11C57AA24}"
EndProject
Project("{FAE04EC0-301F-11D3-BF4B-00C04F79EFBC}") = "RentMyStuff.WebUI.Tests", "RentMyStuff.WebUI.Tests\RentMyStuff.WebUI.Tests.csproj", "{9B5980CD-08B8-44C5-A71F-DEA3A08881C2}"
EndProject
Global
	GlobalSection(SolutionConfigurationPlatforms) = preSolution
		Debug|Any CPU = Debug|Any CPU
		Release|Any CPU = Release|Any CPU
	EndGlobalSection
	GlobalSection(ProjectConfigurationPlatforms) = postSolution
		{E9347604-6E5D-4CAD-A609-32483AB0EA7F}.Debug|Any CPU.ActiveCfg = Debug|Any CPU
		{E9347604-6E5D-4CAD-A609-32483AB0EA7F}.Debug|Any CPU.Build.0 = Debug|Any CPU
		{E9347604-6E5D-4CAD-A609-32483AB0EA7F}.Release|Any CPU.ActiveCfg = Release|Any CPU
		{E9347604-6E5D-4CAD-A609-32483AB0EA7F}.Release|Any CPU.Build.0 = Release|Any CPU
		{DD08C619-975F-4F6A-87CA-C36730C18E59}.Debug|Any CPU.ActiveCfg = Debug|Any CPU
		{DD08C619-975F-4F6A-87CA-C36730C18E59}.Debug|Any CPU.Build.0 = Debug|Any CPU
		{DD08C619-975F-4F6A-87CA-C36730C18E59}.Release|Any CPU.ActiveCfg = Release|Any CPU
		{DD08C619-975F-4F6A-87CA-C36730C18E59}.Release|Any CPU.Build.0 = Release|Any CPU
		{F4A2A2EC-8455-456E-94A3-6D959534BE6A}.Debug|Any CPU.ActiveCfg = Debug|Any CPU
		{F4A2A2EC-8455-456E-94A3-6D959534BE6A}.Debug|Any CPU.Build.0 = Debug|Any CPU
		{F4A2A2EC-8455-456E-94A3-6D959534BE6A}.Release|Any CPU.ActiveCfg = Release|Any CPU
		{F4A2A2EC-8455-456E-94A3-6D959534BE6A}.Release|Any CPU.Build.0 = Release|Any CPU
		{CE898C03-E1B2-40DC-A7B9-59AB17C5BB87}.Debug|Any CPU.ActiveCfg = Debug|Any CPU
		{CE898C03-E1B2-40DC-A7B9-59AB17C5BB87}.Debug|Any CPU.Build.0 = Debug|Any CPU
		{CE898C03-E1B2-40DC-A7B9-59AB17C5BB87}.Release|Any CPU.ActiveCfg = Release|Any CPU
		{CE898C03-E1B2-40DC-A7B9-59AB17C5BB87}.Release|Any CPU.Build.0 = Release|Any CPU
		{63D91508-47BA-4ED2-978F-5EE11C57AA24}.Debug|Any CPU.ActiveCfg = Debug|Any CPU
		{63D91508-47BA-4ED2-978F-5EE11C57AA24}.Debug|Any CPU.Build.0 = Debug|Any CPU
		{63D91508-47BA-4ED2-978F-5EE11C57AA24}.Release|Any CPU.ActiveCfg = Release|Any CPU
		{63D91508-47BA-4ED2-978F-5EE11C57AA24}.Release|Any CPU.Build.0 = Release|Any CPU
		{9B5980CD-08B8-44C5-A71F-DEA3A08881C2}.Debug|Any CPU.ActiveCfg = Debug|Any CPU
		{9B5980CD-08B8-44C5-A71F-DEA3A08881C2}.Debug|Any CPU.Build.0 = Debug|Any CPU
		{9B5980CD-08B8-44C5-A71F-DEA3A08881C2}.Release|Any CPU.ActiveCfg = Release|Any CPU
		{9B5980CD-08B8-44C5-A71F-DEA3A08881C2}.Release|Any CPU.Build.0 = Release|Any CPU
	EndGlobalSection
	GlobalSection(SolutionProperties) = preSolution
		HideSolutionNode = FALSE
	EndGlobalSection
	GlobalSection(ExtensibilityGlobals) = postSolution
		SolutionGuid = {4F0912C4-7A32-45AE-89DE-4F68637DEAAC}
	EndGlobalSection
EndGlobal
